
Microsoft Visual Studio Solution File, Format Version 12.00
# 
Project("{2150E333-8FDC-42A3-9474-1A3956D46DE8}") = "src", "src", "{2C20E643-D041-42C0-81F6-584E83D1E3D6}"
EndProject
Project("{F2A71F9B-5D33-465A-A702-920D77279786}") = "SampleApp.Client", "src\SampleApp.Client\SampleApp.Client.fsproj", "{4C2D26D1-CF92-4266-BAF5-6E5C30E0C349}"
EndProject
Project("{F2A71F9B-5D33-465A-A702-920D77279786}") = "SampleApp.Server", "src\SampleApp.Server\SampleApp.Server.fsproj", "{79395C13-5612-48D8-9B69-25952900F1B8}"
EndProject
Global
	GlobalSection(SolutionConfigurationPlatforms) = preSolution
		Debug|Any CPU = Debug|Any CPU
		Release|Any CPU = Release|Any CPU
	EndGlobalSection
	GlobalSection(ProjectConfigurationPlatforms) = postSolution
		{4C2D26D1-CF92-4266-BAF5-6E5C30E0C349}.Debug|Any CPU.ActiveCfg = Debug|Any CPU
		{4C2D26D1-CF92-4266-BAF5-6E5C30E0C349}.Debug|Any CPU.Build.0 = Debug|Any CPU
		{4C2D26D1-CF92-4266-BAF5-6E5C30E0C349}.Release|Any CPU.ActiveCfg = Release|Any CPU
		{4C2D26D1-CF92-4266-BAF5-6E5C30E0C349}.Release|Any CPU.Build.0 = Release|Any CPU
		{79395C13-5612-48D8-9B69-25952900F1B8}.Debug|Any CPU.ActiveCfg = Debug|Any CPU
		{79395C13-5612-48D8-9B69-25952900F1B8}.Debug|Any CPU.Build.0 = Debug|Any CPU
		{79395C13-5612-48D8-9B69-25952900F1B8}.Release|Any CPU.ActiveCfg = Release|Any CPU
		{79395C13-5612-48D8-9B69-25952900F1B8}.Release|Any CPU.Build.0 = Release|Any CPU
	EndGlobalSection
	GlobalSection(NestedProjects) = preSolution
		{4C2D26D1-CF92-4266-BAF5-6E5C30E0C349} = {2C20E643-D041-42C0-81F6-584E83D1E3D6}
		{79395C13-5612-48D8-9B69-25952900F1B8} = {2C20E643-D041-42C0-81F6-584E83D1E3D6}
	EndGlobalSection
EndGlobal
